// !$*UTF8*$!
{
	archiveVersion = 1;
	classes = {
	};
	objectVersion = 56;
	objects = {

/* Begin PBXBuildFile section */
		DC00A8382B48EE1D003A7B10 /* AppDelegate.swift in Sources */ = {isa = PBXBuildFile; fileRef = DC00A8372B48EE1D003A7B10 /* AppDelegate.swift */; };
		DC00A83A2B48EE1D003A7B10 /* SceneDelegate.swift in Sources */ = {isa = PBXBuildFile; fileRef = DC00A8392B48EE1D003A7B10 /* SceneDelegate.swift */; };
		DC00A83C2B48EE1D003A7B10 /* ViewController.swift in Sources */ = {isa = PBXBuildFile; fileRef = DC00A83B2B48EE1D003A7B10 /* ViewController.swift */; };
		DC00A83F2B48EE1D003A7B10 /* Main.storyboard in Resources */ = {isa = PBXBuildFile; fileRef = DC00A83D2B48EE1D003A7B10 /* Main.storyboard */; };
		DC00A8412B48EE1F003A7B10 /* Assets.xcassets in Resources */ = {isa = PBXBuildFile; fileRef = DC00A8402B48EE1F003A7B10 /* Assets.xcassets */; };
		DC00A8442B48EE1F003A7B10 /* LaunchScreen.storyboard in Resources */ = {isa = PBXBuildFile; fileRef = DC00A8422B48EE1F003A7B10 /* LaunchScreen.storyboard */; };
		DC00A84C2B48FC45003A7B10 /* SecondTableViewController.swift in Sources */ = {isa = PBXBuildFile; fileRef = DC00A84B2B48FC45003A7B10 /* SecondTableViewController.swift */; };
		DC00A84E2B4921A3003A7B10 /* ShoppingViewController.swift in Sources */ = {isa = PBXBuildFile; fileRef = DC00A84D2B4921A3003A7B10 /* ShoppingViewController.swift */; };
		DC00A8502B4927A8003A7B10 /* ShoppingTableViewCell.swift in Sources */ = {isa = PBXBuildFile; fileRef = DC00A84F2B4927A8003A7B10 /* ShoppingTableViewCell.swift */; };
		DC5802B22B4D373E003A5C52 /* CityInfo.swift in Sources */ = {isa = PBXBuildFile; fileRef = DC5802B12B4D373E003A5C52 /* CityInfo.swift */; };
		DC5802B72B4D3902003A5C52 /* TrendCityCollectionViewCell.swift in Sources */ = {isa = PBXBuildFile; fileRef = DC5802B52B4D3902003A5C52 /* TrendCityCollectionViewCell.swift */; };
		DC5802B82B4D3902003A5C52 /* TrendCityCollectionViewCell.xib in Resources */ = {isa = PBXBuildFile; fileRef = DC5802B62B4D3902003A5C52 /* TrendCityCollectionViewCell.xib */; };
		DC5802BA2B4D394B003A5C52 /* TrendCityCollectionViewController.swift in Sources */ = {isa = PBXBuildFile; fileRef = DC5802B92B4D394B003A5C52 /* TrendCityCollectionViewController.swift */; };
		DC5802BF2B4D61D3003A5C52 /* TripViewController.swift in Sources */ = {isa = PBXBuildFile; fileRef = DC5802BE2B4D61D3003A5C52 /* TripViewController.swift */; };
		DC8746472B4C144E007AC702 /* Kingfisher in Frameworks */ = {isa = PBXBuildFile; productRef = DC8746462B4C144E007AC702 /* Kingfisher */; };
		DCF4C15B2B4C081B00994889 /* TravelTableViewController.swift in Sources */ = {isa = PBXBuildFile; fileRef = DCF4C15A2B4C081B00994889 /* TravelTableViewController.swift */; };
		DCF4C15F2B4C0A5700994889 /* MagazineInfo.swift in Sources */ = {isa = PBXBuildFile; fileRef = DCF4C15E2B4C0A5700994889 /* MagazineInfo.swift */; };
		DCF4C1612B4C0B1800994889 /* TravelTableViewCell.swift in Sources */ = {isa = PBXBuildFile; fileRef = DCF4C1602B4C0B1800994889 /* TravelTableViewCell.swift */; };
/* End PBXBuildFile section */

/* Begin PBXFileReference section */
		DC00A8342B48EE1D003A7B10 /* assignment6.app */ = {isa = PBXFileReference; explicitFileType = wrapper.application; includeInIndex = 0; path = assignment6.app; sourceTree = BUILT_PRODUCTS_DIR; };
		DC00A8372B48EE1D003A7B10 /* AppDelegate.swift */ = {isa = PBXFileReference; lastKnownFileType = sourcecode.swift; path = AppDelegate.swift; sourceTree = "<group>"; };
		DC00A8392B48EE1D003A7B10 /* SceneDelegate.swift */ = {isa = PBXFileReference; lastKnownFileType = sourcecode.swift; path = SceneDelegate.swift; sourceTree = "<group>"; };
		DC00A83B2B48EE1D003A7B10 /* ViewController.swift */ = {isa = PBXFileReference; lastKnownFileType = sourcecode.swift; path = ViewController.swift; sourceTree = "<group>"; };
		DC00A83E2B48EE1D003A7B10 /* Base */ = {isa = PBXFileReference; lastKnownFileType = file.storyboard; name = Base; path = Base.lproj/Main.storyboard; sourceTree = "<group>"; };
		DC00A8402B48EE1F003A7B10 /* Assets.xcassets */ = {isa = PBXFileReference; lastKnownFileType = folder.assetcatalog; path = Assets.xcassets; sourceTree = "<group>"; };
		DC00A8432B48EE1F003A7B10 /* Base */ = {isa = PBXFileReference; lastKnownFileType = file.storyboard; name = Base; path = Base.lproj/LaunchScreen.storyboard; sourceTree = "<group>"; };
		DC00A8452B48EE1F003A7B10 /* Info.plist */ = {isa = PBXFileReference; lastKnownFileType = text.plist.xml; path = Info.plist; sourceTree = "<group>"; };
		DC00A84B2B48FC45003A7B10 /* SecondTableViewController.swift */ = {isa = PBXFileReference; lastKnownFileType = sourcecode.swift; path = SecondTableViewController.swift; sourceTree = "<group>"; };
		DC00A84D2B4921A3003A7B10 /* ShoppingViewController.swift */ = {isa = PBXFileReference; lastKnownFileType = sourcecode.swift; path = ShoppingViewController.swift; sourceTree = "<group>"; };
		DC00A84F2B4927A8003A7B10 /* ShoppingTableViewCell.swift */ = {isa = PBXFileReference; lastKnownFileType = sourcecode.swift; path = ShoppingTableViewCell.swift; sourceTree = "<group>"; };
		DC5802B12B4D373E003A5C52 /* CityInfo.swift */ = {isa = PBXFileReference; fileEncoding = 4; lastKnownFileType = sourcecode.swift; name = CityInfo.swift; path = ../../CityInfo.swift; sourceTree = "<group>"; };
		DC5802B42B4D384C003A5C52 /* CityInfo.swift */ = {isa = PBXFileReference; lastKnownFileType = sourcecode.swift; path = CityInfo.swift; sourceTree = "<group>"; };
		DC5802B52B4D3902003A5C52 /* TrendCityCollectionViewCell.swift */ = {isa = PBXFileReference; lastKnownFileType = sourcecode.swift; path = TrendCityCollectionViewCell.swift; sourceTree = "<group>"; };
		DC5802B62B4D3902003A5C52 /* TrendCityCollectionViewCell.xib */ = {isa = PBXFileReference; lastKnownFileType = file.xib; path = TrendCityCollectionViewCell.xib; sourceTree = "<group>"; };
		DC5802B92B4D394B003A5C52 /* TrendCityCollectionViewController.swift */ = {isa = PBXFileReference; lastKnownFileType = sourcecode.swift; path = TrendCityCollectionViewController.swift; sourceTree = "<group>"; };
		DC5802BE2B4D61D3003A5C52 /* TripViewController.swift */ = {isa = PBXFileReference; lastKnownFileType = sourcecode.swift; path = TripViewController.swift; sourceTree = "<group>"; };
		DCF4C15A2B4C081B00994889 /* TravelTableViewController.swift */ = {isa = PBXFileReference; lastKnownFileType = sourcecode.swift; path = TravelTableViewController.swift; sourceTree = "<group>"; };
		DCF4C15E2B4C0A5700994889 /* MagazineInfo.swift */ = {isa = PBXFileReference; lastKnownFileType = sourcecode.swift; path = MagazineInfo.swift; sourceTree = "<group>"; };
		DCF4C1602B4C0B1800994889 /* TravelTableViewCell.swift */ = {isa = PBXFileReference; lastKnownFileType = sourcecode.swift; path = TravelTableViewCell.swift; sourceTree = "<group>"; };
/* End PBXFileReference section */

/* Begin PBXFrameworksBuildPhase section */
		DC00A8312B48EE1D003A7B10 /* Frameworks */ = {
			isa = PBXFrameworksBuildPhase;
			buildActionMask = 2147483647;
			files = (
				DC8746472B4C144E007AC702 /* Kingfisher in Frameworks */,
			);
			runOnlyForDeploymentPostprocessing = 0;
		};
/* End PBXFrameworksBuildPhase section */

/* Begin PBXGroup section */
		DC00A82B2B48EE1D003A7B10 = {
			isa = PBXGroup;
			children = (
				DC00A8362B48EE1D003A7B10 /* assignment6 */,
				DC00A8352B48EE1D003A7B10 /* Products */,
			);
			sourceTree = "<group>";
		};
		DC00A8352B48EE1D003A7B10 /* Products */ = {
			isa = PBXGroup;
			children = (
				DC00A8342B48EE1D003A7B10 /* assignment6.app */,
			);
			name = Products;
			sourceTree = "<group>";
		};
		DC00A8362B48EE1D003A7B10 /* assignment6 */ = {
			isa = PBXGroup;
			children = (
				DC5802BB2B4D607F003A5C52 /* solution3 */,
				DC5802B32B4D3817003A5C52 /* solution2 */,
				DC00A8372B48EE1D003A7B10 /* AppDelegate.swift */,
				DC00A8392B48EE1D003A7B10 /* SceneDelegate.swift */,
				DC00A83B2B48EE1D003A7B10 /* ViewController.swift */,
				DC00A84B2B48FC45003A7B10 /* SecondTableViewController.swift */,
				DC00A83D2B48EE1D003A7B10 /* Main.storyboard */,
				DCF4C1602B4C0B1800994889 /* TravelTableViewCell.swift */,
				DCF4C15A2B4C081B00994889 /* TravelTableViewController.swift */,
				DCF4C15E2B4C0A5700994889 /* MagazineInfo.swift */,
				DC00A84D2B4921A3003A7B10 /* ShoppingViewController.swift */,
				DC5802B12B4D373E003A5C52 /* CityInfo.swift */,
				DC00A84F2B4927A8003A7B10 /* ShoppingTableViewCell.swift */,
				DC00A8402B48EE1F003A7B10 /* Assets.xcassets */,
				DC00A8422B48EE1F003A7B10 /* LaunchScreen.storyboard */,
				DC00A8452B48EE1F003A7B10 /* Info.plist */,
			);
			path = assignment6;
			sourceTree = "<group>";
		};
		DC5802B32B4D3817003A5C52 /* solution2 */ = {
			isa = PBXGroup;
			children = (
				DC5802B42B4D384C003A5C52 /* CityInfo.swift */,
				DC5802B52B4D3902003A5C52 /* TrendCityCollectionViewCell.swift */,
				DC5802B62B4D3902003A5C52 /* TrendCityCollectionViewCell.xib */,
				DC5802B92B4D394B003A5C52 /* TrendCityCollectionViewController.swift */,
			);
			path = solution2;
			sourceTree = "<group>";
		};
		DC5802BB2B4D607F003A5C52 /* solution3 */ = {
			isa = PBXGroup;
			children = (
				DC5802BE2B4D61D3003A5C52 /* TripViewController.swift */,
			);
			path = solution3;
			sourceTree = "<group>";
		};
/* End PBXGroup section */

/* Begin PBXNativeTarget section */
		DC00A8332B48EE1D003A7B10 /* assignment6 */ = {
			isa = PBXNativeTarget;
			buildConfigurationList = DC00A8482B48EE1F003A7B10 /* Build configuration list for PBXNativeTarget "assignment6" */;
			buildPhases = (
				DC00A8302B48EE1D003A7B10 /* Sources */,
				DC00A8312B48EE1D003A7B10 /* Frameworks */,
				DC00A8322B48EE1D003A7B10 /* Resources */,
			);
			buildRules = (
			);
			dependencies = (
			);
			name = assignment6;
			packageProductDependencies = (
				DC8746462B4C144E007AC702 /* Kingfisher */,
			);
			productName = assignment6;
			productReference = DC00A8342B48EE1D003A7B10 /* assignment6.app */;
			productType = "com.apple.product-type.application";
		};
/* End PBXNativeTarget section */

/* Begin PBXProject section */
		DC00A82C2B48EE1D003A7B10 /* Project object */ = {
			isa = PBXProject;
			attributes = {
				BuildIndependentTargetsInParallel = 1;
				LastSwiftUpdateCheck = 1500;
				LastUpgradeCheck = 1500;
				TargetAttributes = {
					DC00A8332B48EE1D003A7B10 = {
						CreatedOnToolsVersion = 15.0.1;
					};
				};
			};
			buildConfigurationList = DC00A82F2B48EE1D003A7B10 /* Build configuration list for PBXProject "assignment6" */;
			compatibilityVersion = "Xcode 14.0";
			developmentRegion = en;
			hasScannedForEncodings = 0;
			knownRegions = (
				en,
				Base,
			);
			mainGroup = DC00A82B2B48EE1D003A7B10;
			packageReferences = (
				DC8746452B4C144E007AC702 /* XCRemoteSwiftPackageReference "Kingfisher" */,
			);
			productRefGroup = DC00A8352B48EE1D003A7B10 /* Products */;
			projectDirPath = "";
			projectRoot = "";
			targets = (
				DC00A8332B48EE1D003A7B10 /* assignment6 */,
			);
		};
/* End PBXProject section */

/* Begin PBXResourcesBuildPhase section */
		DC00A8322B48EE1D003A7B10 /* Resources */ = {
			isa = PBXResourcesBuildPhase;
			buildActionMask = 2147483647;
			files = (
				DC00A8442B48EE1F003A7B10 /* LaunchScreen.storyboard in Resources */,
				DC5802B82B4D3902003A5C52 /* TrendCityCollectionViewCell.xib in Resources */,
				DC00A8412B48EE1F003A7B10 /* Assets.xcassets in Resources */,
				DC00A83F2B48EE1D003A7B10 /* Main.storyboard in Resources */,
			);
			runOnlyForDeploymentPostprocessing = 0;
		};
/* End PBXResourcesBuildPhase section */

/* Begin PBXSourcesBuildPhase section */
		DC00A8302B48EE1D003A7B10 /* Sources */ = {
			isa = PBXSourcesBuildPhase;
			buildActionMask = 2147483647;
			files = (
				DC00A83C2B48EE1D003A7B10 /* ViewController.swift in Sources */,
				DC00A8502B4927A8003A7B10 /* ShoppingTableViewCell.swift in Sources */,
				DC5802B22B4D373E003A5C52 /* CityInfo.swift in Sources */,
				DCF4C15B2B4C081B00994889 /* TravelTableViewController.swift in Sources */,
				DC00A84C2B48FC45003A7B10 /* SecondTableViewController.swift in Sources */,
				DCF4C1612B4C0B1800994889 /* TravelTableViewCell.swift in Sources */,
				DC5802BF2B4D61D3003A5C52 /* TripViewController.swift in Sources */,
				DC00A84E2B4921A3003A7B10 /* ShoppingViewController.swift in Sources */,
				DC5802BA2B4D394B003A5C52 /* TrendCityCollectionViewController.swift in Sources */,
				DCF4C15F2B4C0A5700994889 /* MagazineInfo.swift in Sources */,
				DC5802B72B4D3902003A5C52 /* TrendCityCollectionViewCell.swift in Sources */,
				DC00A8382B48EE1D003A7B10 /* AppDelegate.swift in Sources */,
				DC00A83A2B48EE1D003A7B10 /* SceneDelegate.swift in Sources */,
			);
			runOnlyForDeploymentPostprocessing = 0;
		};
/* End PBXSourcesBuildPhase section */

/* Begin PBXVariantGroup section */
		DC00A83D2B48EE1D003A7B10 /* Main.storyboard */ = {
			isa = PBXVariantGroup;
			children = (
				DC00A83E2B48EE1D003A7B10 /* Base */,
			);
			name = Main.storyboard;
			sourceTree = "<group>";
		};
		DC00A8422B48EE1F003A7B10 /* LaunchScreen.storyboard */ = {
			isa = PBXVariantGroup;
			children = (
				DC00A8432B48EE1F003A7B10 /* Base */,
			);
			name = LaunchScreen.storyboard;
			sourceTree = "<group>";
		};
/* End PBXVariantGroup section */

/* Begin XCBuildConfiguration section */
		DC00A8462B48EE1F003A7B10 /* Debug */ = {
			isa = XCBuildConfiguration;
			buildSettings = {
				ALWAYS_SEARCH_USER_PATHS = NO;
				ASSETCATALOG_COMPILER_GENERATE_SWIFT_ASSET_SYMBOL_EXTENSIONS = YES;
				CLANG_ANALYZER_NONNULL = YES;
				CLANG_ANALYZER_NUMBER_OBJECT_CONVERSION = YES_AGGRESSIVE;
				CLANG_CXX_LANGUAGE_STANDARD = "gnu++20";
				CLANG_ENABLE_MODULES = YES;
				CLANG_ENABLE_OBJC_ARC = YES;
				CLANG_ENABLE_OBJC_WEAK = YES;
				CLANG_WARN_BLOCK_CAPTURE_AUTORELEASING = YES;
				CLANG_WARN_BOOL_CONVERSION = YES;
				CLANG_WARN_COMMA = YES;
				CLANG_WARN_CONSTANT_CONVERSION = YES;
				CLANG_WARN_DEPRECATED_OBJC_IMPLEMENTATIONS = YES;
				CLANG_WARN_DIRECT_OBJC_ISA_USAGE = YES_ERROR;
				CLANG_WARN_DOCUMENTATION_COMMENTS = YES;
				CLANG_WARN_EMPTY_BODY = YES;
				CLANG_WARN_ENUM_CONVERSION = YES;
				CLANG_WARN_INFINITE_RECURSION = YES;
				CLANG_WARN_INT_CONVERSION = YES;
				CLANG_WARN_NON_LITERAL_NULL_CONVERSION = YES;
				CLANG_WARN_OBJC_IMPLICIT_RETAIN_SELF = YES;
				CLANG_WARN_OBJC_LITERAL_CONVERSION = YES;
				CLANG_WARN_OBJC_ROOT_CLASS = YES_ERROR;
				CLANG_WARN_QUOTED_INCLUDE_IN_FRAMEWORK_HEADER = YES;
				CLANG_WARN_RANGE_LOOP_ANALYSIS = YES;
				CLANG_WARN_STRICT_PROTOTYPES = YES;
				CLANG_WARN_SUSPICIOUS_MOVE = YES;
				CLANG_WARN_UNGUARDED_AVAILABILITY = YES_AGGRESSIVE;
				CLANG_WARN_UNREACHABLE_CODE = YES;
				CLANG_WARN__DUPLICATE_METHOD_MATCH = YES;
				COPY_PHASE_STRIP = NO;
				DEBUG_INFORMATION_FORMAT = dwarf;
				ENABLE_STRICT_OBJC_MSGSEND = YES;
				ENABLE_TESTABILITY = YES;
				ENABLE_USER_SCRIPT_SANDBOXING = YES;
				GCC_C_LANGUAGE_STANDARD = gnu17;
				GCC_DYNAMIC_NO_PIC = NO;
				GCC_NO_COMMON_BLOCKS = YES;
				GCC_OPTIMIZATION_LEVEL = 0;
				GCC_PREPROCESSOR_DEFINITIONS = (
					"DEBUG=1",
					"$(inherited)",
				);
				GCC_WARN_64_TO_32_BIT_CONVERSION = YES;
				GCC_WARN_ABOUT_RETURN_TYPE = YES_ERROR;
				GCC_WARN_UNDECLARED_SELECTOR = YES;
				GCC_WARN_UNINITIALIZED_AUTOS = YES_AGGRESSIVE;
				GCC_WARN_UNUSED_FUNCTION = YES;
				GCC_WARN_UNUSED_VARIABLE = YES;
				IPHONEOS_DEPLOYMENT_TARGET = 17.0;
				LOCALIZATION_PREFERS_STRING_CATALOGS = YES;
				MTL_ENABLE_DEBUG_INFO = INCLUDE_SOURCE;
				MTL_FAST_MATH = YES;
				ONLY_ACTIVE_ARCH = YES;
				SDKROOT = iphoneos;
				SWIFT_ACTIVE_COMPILATION_CONDITIONS = "DEBUG $(inherited)";
				SWIFT_OPTIMIZATION_LEVEL = "-Onone";
			};
			name = Debug;
		};
		DC00A8472B48EE1F003A7B10 /* Release */ = {
			isa = XCBuildConfiguration;
			buildSettings = {
				ALWAYS_SEARCH_USER_PATHS = NO;
				ASSETCATALOG_COMPILER_GENERATE_SWIFT_ASSET_SYMBOL_EXTENSIONS = YES;
				CLANG_ANALYZER_NONNULL = YES;
				CLANG_ANALYZER_NUMBER_OBJECT_CONVERSION = YES_AGGRESSIVE;
				CLANG_CXX_LANGUAGE_STANDARD = "gnu++20";
				CLANG_ENABLE_MODULES = YES;
				CLANG_ENABLE_OBJC_ARC = YES;
				CLANG_ENABLE_OBJC_WEAK = YES;
				CLANG_WARN_BLOCK_CAPTURE_AUTORELEASING = YES;
				CLANG_WARN_BOOL_CONVERSION = YES;
				CLANG_WARN_COMMA = YES;
				CLANG_WARN_CONSTANT_CONVERSION = YES;
				CLANG_WARN_DEPRECATED_OBJC_IMPLEMENTATIONS = YES;
				CLANG_WARN_DIRECT_OBJC_ISA_USAGE = YES_ERROR;
				CLANG_WARN_DOCUMENTATION_COMMENTS = YES;
				CLANG_WARN_EMPTY_BODY = YES;
				CLANG_WARN_ENUM_CONVERSION = YES;
				CLANG_WARN_INFINITE_RECURSION = YES;
				CLANG_WARN_INT_CONVERSION = YES;
				CLANG_WARN_NON_LITERAL_NULL_CONVERSION = YES;
				CLANG_WARN_OBJC_IMPLICIT_RETAIN_SELF = YES;
				CLANG_WARN_OBJC_LITERAL_CONVERSION = YES;
				CLANG_WARN_OBJC_ROOT_CLASS = YES_ERROR;
				CLANG_WARN_QUOTED_INCLUDE_IN_FRAMEWORK_HEADER = YES;
				CLANG_WARN_RANGE_LOOP_ANALYSIS = YES;
				CLANG_WARN_STRICT_PROTOTYPES = YES;
				CLANG_WARN_SUSPICIOUS_MOVE = YES;
				CLANG_WARN_UNGUARDED_AVAILABILITY = YES_AGGRESSIVE;
				CLANG_WARN_UNREACHABLE_CODE = YES;
				CLANG_WARN__DUPLICATE_METHOD_MATCH = YES;
				COPY_PHASE_STRIP = NO;
				DEBUG_INFORMATION_FORMAT = "dwarf-with-dsym";
				ENABLE_NS_ASSERTIONS = NO;
				ENABLE_STRICT_OBJC_MSGSEND = YES;
				ENABLE_USER_SCRIPT_SANDBOXING = YES;
				GCC_C_LANGUAGE_STANDARD = gnu17;
				GCC_NO_COMMON_BLOCKS = YES;
				GCC_WARN_64_TO_32_BIT_CONVERSION = YES;
				GCC_WARN_ABOUT_RETURN_TYPE = YES_ERROR;
				GCC_WARN_UNDECLARED_SELECTOR = YES;
				GCC_WARN_UNINITIALIZED_AUTOS = YES_AGGRESSIVE;
				GCC_WARN_UNUSED_FUNCTION = YES;
				GCC_WARN_UNUSED_VARIABLE = YES;
				IPHONEOS_DEPLOYMENT_TARGET = 17.0;
				LOCALIZATION_PREFERS_STRING_CATALOGS = YES;
				MTL_ENABLE_DEBUG_INFO = NO;
				MTL_FAST_MATH = YES;
				SDKROOT = iphoneos;
				SWIFT_COMPILATION_MODE = wholemodule;
				VALIDATE_PRODUCT = YES;
			};
			name = Release;
		};
		DC00A8492B48EE1F003A7B10 /* Debug */ = {
			isa = XCBuildConfiguration;
			buildSettings = {
				ASSETCATALOG_COMPILER_APPICON_NAME = AppIcon;
				ASSETCATALOG_COMPILER_GLOBAL_ACCENT_COLOR_NAME = AccentColor;
				CODE_SIGN_STYLE = Automatic;
				CURRENT_PROJECT_VERSION = 1;
				GENERATE_INFOPLIST_FILE = YES;
				INFOPLIST_FILE = assignment6/Info.plist;
				INFOPLIST_KEY_UIApplicationSupportsIndirectInputEvents = YES;
				INFOPLIST_KEY_UILaunchStoryboardName = LaunchScreen;
				INFOPLIST_KEY_UIMainStoryboardFile = Main;
				INFOPLIST_KEY_UISupportedInterfaceOrientations_iPad = "UIInterfaceOrientationPortrait UIInterfaceOrientationPortraitUpsideDown UIInterfaceOrientationLandscapeLeft UIInterfaceOrientationLandscapeRight";
				INFOPLIST_KEY_UISupportedInterfaceOrientations_iPhone = "UIInterfaceOrientationPortrait UIInterfaceOrientationLandscapeLeft UIInterfaceOrientationLandscapeRight";
				IPHONEOS_DEPLOYMENT_TARGET = 16.0;
				LD_RUNPATH_SEARCH_PATHS = (
					"$(inherited)",
					"@executable_path/Frameworks",
				);
				MARKETING_VERSION = 1.0;
				PRODUCT_BUNDLE_IDENTIFIER = com.sammy.assignment6;
				PRODUCT_NAME = "$(TARGET_NAME)";
				SUPPORTED_PLATFORMS = "iphoneos iphonesimulator";
				SUPPORTS_MACCATALYST = NO;
				SUPPORTS_MAC_DESIGNED_FOR_IPHONE_IPAD = NO;
				SWIFT_EMIT_LOC_STRINGS = YES;
				SWIFT_VERSION = 5.0;
				TARGETED_DEVICE_FAMILY = 1;
			};
			name = Debug;
		};
		DC00A84A2B48EE1F003A7B10 /* Release */ = {
			isa = XCBuildConfiguration;
			buildSettings = {
				ASSETCATALOG_COMPILER_APPICON_NAME = AppIcon;
				ASSETCATALOG_COMPILER_GLOBAL_ACCENT_COLOR_NAME = AccentColor;
				CODE_SIGN_STYLE = Automatic;
				CURRENT_PROJECT_VERSION = 1;
				GENERATE_INFOPLIST_FILE = YES;
				INFOPLIST_FILE = assignment6/Info.plist;
				INFOPLIST_KEY_UIApplicationSupportsIndirectInputEvents = YES;
				INFOPLIST_KEY_UILaunchStoryboardName = LaunchScreen;
				INFOPLIST_KEY_UIMainStoryboardFile = Main;
				INFOPLIST_KEY_UISupportedInterfaceOrientations_iPad = "UIInterfaceOrientationPortrait UIInterfaceOrientationPortraitUpsideDown UIInterfaceOrientationLandscapeLeft UIInterfaceOrientationLandscapeRight";
				INFOPLIST_KEY_UISupportedInterfaceOrientations_iPhone = "UIInterfaceOrientationPortrait UIInterfaceOrientationLandscapeLeft UIInterfaceOrientationLandscapeRight";
				IPHONEOS_DEPLOYMENT_TARGET = 16.0;
				LD_RUNPATH_SEARCH_PATHS = (
					"$(inherited)",
					"@executable_path/Frameworks",
				);
				MARKETING_VERSION = 1.0;
				PRODUCT_BUNDLE_IDENTIFIER = com.sammy.assignment6;
				PRODUCT_NAME = "$(TARGET_NAME)";
				SUPPORTED_PLATFORMS = "iphoneos iphonesimulator";
				SUPPORTS_MACCATALYST = NO;
				SUPPORTS_MAC_DESIGNED_FOR_IPHONE_IPAD = NO;
				SWIFT_EMIT_LOC_STRINGS = YES;
				SWIFT_VERSION = 5.0;
				TARGETED_DEVICE_FAMILY = 1;
			};
			name = Release;
		};
/* End XCBuildConfiguration section */

/* Begin XCConfigurationList section */
		DC00A82F2B48EE1D003A7B10 /* Build configuration list for PBXProject "assignment6" */ = {
			isa = XCConfigurationList;
			buildConfigurations = (
				DC00A8462B48EE1F003A7B10 /* Debug */,
				DC00A8472B48EE1F003A7B10 /* Release */,
			);
			defaultConfigurationIsVisible = 0;
			defaultConfigurationName = Release;
		};
		DC00A8482B48EE1F003A7B10 /* Build configuration list for PBXNativeTarget "assignment6" */ = {
			isa = XCConfigurationList;
			buildConfigurations = (
				DC00A8492B48EE1F003A7B10 /* Debug */,
				DC00A84A2B48EE1F003A7B10 /* Release */,
			);
			defaultConfigurationIsVisible = 0;
			defaultConfigurationName = Release;
		};
/* End XCConfigurationList section */

/* Begin XCRemoteSwiftPackageReference section */
		DC8746452B4C144E007AC702 /* XCRemoteSwiftPackageReference "Kingfisher" */ = {
			isa = XCRemoteSwiftPackageReference;
			repositoryURL = "https://github.com/onevcat/Kingfisher.git";
			requirement = {
				kind = upToNextMajorVersion;
				minimumVersion = 7.10.1;
			};
		};
/* End XCRemoteSwiftPackageReference section */

/* Begin XCSwiftPackageProductDependency section */
		DC8746462B4C144E007AC702 /* Kingfisher */ = {
			isa = XCSwiftPackageProductDependency;
			package = DC8746452B4C144E007AC702 /* XCRemoteSwiftPackageReference "Kingfisher" */;
			productName = Kingfisher;
		};
/* End XCSwiftPackageProductDependency section */
	};
	rootObject = DC00A82C2B48EE1D003A7B10 /* Project object */;
}
